
Microsoft Visual Studio Solution File, Format Version 12.00
# Visual Studio Version 17
VisualStudioVersion = 17.12.35506.116
MinimumVisualStudioVersion = 10.0.40219.1
Project("{FAE04EC0-301F-11D3-BF4B-00C04F79EFBC}") = "XUnity.AutoTranslator.LlmTranslators", "XUnity.AutoTranslator.LlmTranslators\XUnity.AutoTranslator.LlmTranslators.csproj", "{77CFC498-ACA6-4E57-88D1-8BFDBBB9FDF3}"
EndProject
Project("{2150E333-8FDC-42A3-9474-1A3956D46DE8}") = "Solution Items", "Solution Items", "{31619BD5-C08E-4BB1-8292-4F43A58A45B3}"
	ProjectSection(SolutionItems) = preProject
		README.md = README.md
	EndProjectSection
EndProject
Project("{FAE04EC0-301F-11D3-BF4B-00C04F79EFBC}") = "XUnity.AutoTranslator.LlmTranslators.Tests", "XUnity.AutoTranslator.LlmTranslators.Tests\XUnity.AutoTranslator.LlmTranslators.Tests.csproj", "{0E0FC514-19D3-43D8-85AE-F29D3D6CE68E}"
EndProject
Global
	GlobalSection(SolutionConfigurationPlatforms) = preSolution
		Debug|Any CPU = Debug|Any CPU
		Release|Any CPU = Release|Any CPU
	EndGlobalSection
	GlobalSection(ProjectConfigurationPlatforms) = postSolution
		{77CFC498-ACA6-4E57-88D1-8BFDBBB9FDF3}.Debug|Any CPU.ActiveCfg = Debug|Any CPU
		{77CFC498-ACA6-4E57-88D1-8BFDBBB9FDF3}.Debug|Any CPU.Build.0 = Debug|Any CPU
		{77CFC498-ACA6-4E57-88D1-8BFDBBB9FDF3}.Release|Any CPU.ActiveCfg = Release|Any CPU
		{77CFC498-ACA6-4E57-88D1-8BFDBBB9FDF3}.Release|Any CPU.Build.0 = Release|Any CPU
		{0E0FC514-19D3-43D8-85AE-F29D3D6CE68E}.Debug|Any CPU.ActiveCfg = Debug|Any CPU
		{0E0FC514-19D3-43D8-85AE-F29D3D6CE68E}.Debug|Any CPU.Build.0 = Debug|Any CPU
		{0E0FC514-19D3-43D8-85AE-F29D3D6CE68E}.Release|Any CPU.ActiveCfg = Release|Any CPU
		{0E0FC514-19D3-43D8-85AE-F29D3D6CE68E}.Release|Any CPU.Build.0 = Release|Any CPU
	EndGlobalSection
	GlobalSection(SolutionProperties) = preSolution
		HideSolutionNode = FALSE
	EndGlobalSection
EndGlobal
